
Microsoft Visual Studio Solution File, Format Version 12.00
# Visual Studio Version 17
VisualStudioVersion = 17.10.34928.147
MinimumVisualStudioVersion = 10.0.40219.1
Project("{FAE04EC0-301F-11D3-BF4B-00C04F79EFBC}") = "Bruce2", "Bruce2\Bruce2.csproj", "{27271997-F10E-4056-8C8C-C8FA054E9B04}"
EndProject
Global
	GlobalSection(SolutionConfigurationPlatforms) = preSolution
		Debug|Any CPU = Debug|Any CPU
		Release|Any CPU = Release|Any CPU
	EndGlobalSection
	GlobalSection(ProjectConfigurationPlatforms) = postSolution
		{27271997-F10E-4056-8C8C-C8FA054E9B04}.Debug|Any CPU.ActiveCfg = Debug|Any CPU
		{27271997-F10E-4056-8C8C-C8FA054E9B04}.Debug|Any CPU.Build.0 = Debug|Any CPU
		{27271997-F10E-4056-8C8C-C8FA054E9B04}.Release|Any CPU.ActiveCfg = Release|Any CPU
		{27271997-F10E-4056-8C8C-C8FA054E9B04}.Release|Any CPU.Build.0 = Release|Any CPU
	EndGlobalSection
	GlobalSection(SolutionProperties) = preSolution
		HideSolutionNode = FALSE
	EndGlobalSection
	GlobalSection(ExtensibilityGlobals) = postSolution
		SolutionGuid = {355ECA16-9CC5-462F-8691-E2D83BA1284E}
	EndGlobalSection
EndGlobal
